
Microsoft Visual Studio Solution File, Format Version 12.00
# Visual Studio 15
VisualStudioVersion = 15.0.27130.2020
MinimumVisualStudioVersion = 10.0.40219.1
Project("{FAE04EC0-301F-11D3-BF4B-00C04F79EFBC}") = "ComicBookGallery", "ComicBookGallery\ComicBookGallery.csproj", "{C2BAC506-7B1D-458A-9485-CD7C6332688D}"
EndProject
Global
	GlobalSection(SolutionConfigurationPlatforms) = preSolution
		Debug|Any CPU = Debug|Any CPU
		Release|Any CPU = Release|Any CPU
	EndGlobalSection
	GlobalSection(ProjectConfigurationPlatforms) = postSolution
		{C2BAC506-7B1D-458A-9485-CD7C6332688D}.Debug|Any CPU.ActiveCfg = Debug|Any CPU
		{C2BAC506-7B1D-458A-9485-CD7C6332688D}.Debug|Any CPU.Build.0 = Debug|Any CPU
		{C2BAC506-7B1D-458A-9485-CD7C6332688D}.Release|Any CPU.ActiveCfg = Release|Any CPU
		{C2BAC506-7B1D-458A-9485-CD7C6332688D}.Release|Any CPU.Build.0 = Release|Any CPU
	EndGlobalSection
	GlobalSection(SolutionProperties) = preSolution
		HideSolutionNode = FALSE
	EndGlobalSection
	GlobalSection(ExtensibilityGlobals) = postSolution
		SolutionGuid = {1EA269FB-29E9-4EC4-B0C4-DB82952D77AC}
	EndGlobalSection
EndGlobal
